
Microsoft Visual Studio Solution File, Format Version 12.00
# Visual Studio Version 17
VisualStudioVersion = 17.5.002.0
MinimumVisualStudioVersion = 10.0.40219.1
Project("{2150E333-8FDC-42A3-9474-1A3956D46DE8}") = "BuildingBlocks", "BuildingBlocks", "{2242973B-8C91-4929-A9F3-4D7EE9B485E4}"
EndProject
Project("{9A19103F-16F7-4668-BE54-9A1E7A4F7556}") = "NSE.Core", "BuildingBlocks\NSE.Core\NSE.Core.csproj", "{710578DD-8DBB-4A87-A45B-1C5736C62274}"
EndProject
Project("{2150E333-8FDC-42A3-9474-1A3956D46DE8}") = "Services", "Services", "{F4E14B2A-35E5-4E19-AD99-9E20105FCBD5}"
EndProject
Project("{9A19103F-16F7-4668-BE54-9A1E7A4F7556}") = "NSE.Carrinho.API", "Services\NSE.Carrinho.API\NSE.Carrinho.API.csproj", "{03A30430-232E-4139-8817-A12C1468D869}"
EndProject
Project("{9A19103F-16F7-4668-BE54-9A1E7A4F7556}") = "NSE.Catalogo.API", "Services\NSE.Catalogo.API\NSE.Catalogo.API.csproj", "{CC6364BE-5023-4FB1-B40C-C9A9C5776794}"
EndProject
Project("{9A19103F-16F7-4668-BE54-9A1E7A4F7556}") = "NSE.Cliente.API", "Services\NSE.Cliente.API\NSE.Cliente.API.csproj", "{3C84CBF0-3454-41B7-AA96-EF5C008C7696}"
EndProject
Project("{9A19103F-16F7-4668-BE54-9A1E7A4F7556}") = "NSE.Identidade.API", "Services\NSE.Identidade.API\NSE.Identidade.API.csproj", "{3445E69C-DF44-4128-8995-0CE610862682}"
EndProject
Project("{9A19103F-16F7-4668-BE54-9A1E7A4F7556}") = "NSE.Pagamento.API", "Services\NSE.Pagamento.API\NSE.Pagamento.API.csproj", "{E9F11590-DB24-4CA7-81C1-BD01765765FE}"
EndProject
Project("{9A19103F-16F7-4668-BE54-9A1E7A4F7556}") = "NSE.Pedido.API", "Services\NSE.Pedido.API\NSE.Pedido.API.csproj", "{9D84ABE7-DD93-469D-BC7C-B8A3B53473FC}"
EndProject
Project("{2150E333-8FDC-42A3-9474-1A3956D46DE8}") = "Web", "Web", "{8C986220-EF42-43F7-AD9C-F77A452BCF6E}"
EndProject
Project("{9A19103F-16F7-4668-BE54-9A1E7A4F7556}") = "NSE.WebApp.MVC", "Web\NSE.WebApp.MVC\NSE.WebApp.MVC.csproj", "{C6860264-549F-44C1-9444-82B8D97D78B7}"
EndProject
Global
	GlobalSection(SolutionConfigurationPlatforms) = preSolution
		Debug|Any CPU = Debug|Any CPU
		Release|Any CPU = Release|Any CPU
	EndGlobalSection
	GlobalSection(ProjectConfigurationPlatforms) = postSolution
		{710578DD-8DBB-4A87-A45B-1C5736C62274}.Debug|Any CPU.ActiveCfg = Debug|Any CPU
		{710578DD-8DBB-4A87-A45B-1C5736C62274}.Debug|Any CPU.Build.0 = Debug|Any CPU
		{710578DD-8DBB-4A87-A45B-1C5736C62274}.Release|Any CPU.ActiveCfg = Release|Any CPU
		{710578DD-8DBB-4A87-A45B-1C5736C62274}.Release|Any CPU.Build.0 = Release|Any CPU
		{03A30430-232E-4139-8817-A12C1468D869}.Debug|Any CPU.ActiveCfg = Debug|Any CPU
		{03A30430-232E-4139-8817-A12C1468D869}.Debug|Any CPU.Build.0 = Debug|Any CPU
		{03A30430-232E-4139-8817-A12C1468D869}.Release|Any CPU.ActiveCfg = Release|Any CPU
		{03A30430-232E-4139-8817-A12C1468D869}.Release|Any CPU.Build.0 = Release|Any CPU
		{CC6364BE-5023-4FB1-B40C-C9A9C5776794}.Debug|Any CPU.ActiveCfg = Debug|Any CPU
		{CC6364BE-5023-4FB1-B40C-C9A9C5776794}.Debug|Any CPU.Build.0 = Debug|Any CPU
		{CC6364BE-5023-4FB1-B40C-C9A9C5776794}.Release|Any CPU.ActiveCfg = Release|Any CPU
		{CC6364BE-5023-4FB1-B40C-C9A9C5776794}.Release|Any CPU.Build.0 = Release|Any CPU
		{3C84CBF0-3454-41B7-AA96-EF5C008C7696}.Debug|Any CPU.ActiveCfg = Debug|Any CPU
		{3C84CBF0-3454-41B7-AA96-EF5C008C7696}.Debug|Any CPU.Build.0 = Debug|Any CPU
		{3C84CBF0-3454-41B7-AA96-EF5C008C7696}.Release|Any CPU.ActiveCfg = Release|Any CPU
		{3C84CBF0-3454-41B7-AA96-EF5C008C7696}.Release|Any CPU.Build.0 = Release|Any CPU
		{3445E69C-DF44-4128-8995-0CE610862682}.Debug|Any CPU.ActiveCfg = Debug|Any CPU
		{3445E69C-DF44-4128-8995-0CE610862682}.Debug|Any CPU.Build.0 = Debug|Any CPU
		{3445E69C-DF44-4128-8995-0CE610862682}.Release|Any CPU.ActiveCfg = Release|Any CPU
		{3445E69C-DF44-4128-8995-0CE610862682}.Release|Any CPU.Build.0 = Release|Any CPU
		{E9F11590-DB24-4CA7-81C1-BD01765765FE}.Debug|Any CPU.ActiveCfg = Debug|Any CPU
		{E9F11590-DB24-4CA7-81C1-BD01765765FE}.Debug|Any CPU.Build.0 = Debug|Any CPU
		{E9F11590-DB24-4CA7-81C1-BD01765765FE}.Release|Any CPU.ActiveCfg = Release|Any CPU
		{E9F11590-DB24-4CA7-81C1-BD01765765FE}.Release|Any CPU.Build.0 = Release|Any CPU
		{9D84ABE7-DD93-469D-BC7C-B8A3B53473FC}.Debug|Any CPU.ActiveCfg = Debug|Any CPU
		{9D84ABE7-DD93-469D-BC7C-B8A3B53473FC}.Debug|Any CPU.Build.0 = Debug|Any CPU
		{9D84ABE7-DD93-469D-BC7C-B8A3B53473FC}.Release|Any CPU.ActiveCfg = Release|Any CPU
		{9D84ABE7-DD93-469D-BC7C-B8A3B53473FC}.Release|Any CPU.Build.0 = Release|Any CPU
		{C6860264-549F-44C1-9444-82B8D97D78B7}.Debug|Any CPU.ActiveCfg = Debug|Any CPU
		{C6860264-549F-44C1-9444-82B8D97D78B7}.Debug|Any CPU.Build.0 = Debug|Any CPU
		{C6860264-549F-44C1-9444-82B8D97D78B7}.Release|Any CPU.ActiveCfg = Release|Any CPU
		{C6860264-549F-44C1-9444-82B8D97D78B7}.Release|Any CPU.Build.0 = Release|Any CPU
	EndGlobalSection
	GlobalSection(SolutionProperties) = preSolution
		HideSolutionNode = FALSE
	EndGlobalSection
	GlobalSection(NestedProjects) = preSolution
		{710578DD-8DBB-4A87-A45B-1C5736C62274} = {2242973B-8C91-4929-A9F3-4D7EE9B485E4}
		{03A30430-232E-4139-8817-A12C1468D869} = {F4E14B2A-35E5-4E19-AD99-9E20105FCBD5}
		{CC6364BE-5023-4FB1-B40C-C9A9C5776794} = {F4E14B2A-35E5-4E19-AD99-9E20105FCBD5}
		{3C84CBF0-3454-41B7-AA96-EF5C008C7696} = {F4E14B2A-35E5-4E19-AD99-9E20105FCBD5}
		{3445E69C-DF44-4128-8995-0CE610862682} = {F4E14B2A-35E5-4E19-AD99-9E20105FCBD5}
		{E9F11590-DB24-4CA7-81C1-BD01765765FE} = {F4E14B2A-35E5-4E19-AD99-9E20105FCBD5}
		{9D84ABE7-DD93-469D-BC7C-B8A3B53473FC} = {F4E14B2A-35E5-4E19-AD99-9E20105FCBD5}
		{C6860264-549F-44C1-9444-82B8D97D78B7} = {8C986220-EF42-43F7-AD9C-F77A452BCF6E}
	EndGlobalSection
	GlobalSection(ExtensibilityGlobals) = postSolution
		SolutionGuid = {ACFB96EE-722F-42BD-87A1-C00537E831AA}
	EndGlobalSection
EndGlobal
