
Microsoft Visual Studio Solution File, Format Version 12.00
# Visual Studio Version 17
VisualStudioVersion = 17.10.34928.147
MinimumVisualStudioVersion = 10.0.40219.1
Project("{2150E333-8FDC-42A3-9474-1A3956D46DE8}") = "src", "src", "{5693DE3D-3E24-4E97-8D86-9DC45BD93D88}"
EndProject
Project("{2150E333-8FDC-42A3-9474-1A3956D46DE8}") = "BuildingBlocks", "BuildingBlocks", "{0C0B8530-708B-4253-BF5F-5BF005C16D55}"
EndProject
Project("{2150E333-8FDC-42A3-9474-1A3956D46DE8}") = "Web", "Web", "{5FA6CD43-652A-43EE-A515-11012723C4FB}"
EndProject
Project("{2150E333-8FDC-42A3-9474-1A3956D46DE8}") = "Services", "Services", "{7F383F63-8FE3-4769-B26B-D5E4B1A530B6}"
EndProject
Project("{2150E333-8FDC-42A3-9474-1A3956D46DE8}") = "Identidade", "Identidade", "{2C5BA49F-1A96-49CC-9CAA-2818854AA466}"
EndProject
Project("{FAE04EC0-301F-11D3-BF4B-00C04F79EFBC}") = "NSE.Identidade.API", "src\Services\NSE.Identidade.API\NSE.Identidade.API.csproj", "{7431E4C2-1190-4E5E-BEC4-AA2CB6DD4F10}"
EndProject
Project("{2150E333-8FDC-42A3-9474-1A3956D46DE8}") = "MVC", "MVC", "{7C468B1F-7160-4BE2-8F67-6333E507215D}"
EndProject
Project("{FAE04EC0-301F-11D3-BF4B-00C04F79EFBC}") = "NSE.WebApp.MVC", "src\Web\NSE.WebApp.MVC\NSE.WebApp.MVC.csproj", "{20974B01-B4DD-48A8-8FED-6DBD35DF687F}"
EndProject
Project("{2150E333-8FDC-42A3-9474-1A3956D46DE8}") = "Core", "Core", "{02D8BAB1-81F7-475E-817B-AF8B54AF2692}"
EndProject
Project("{FAE04EC0-301F-11D3-BF4B-00C04F79EFBC}") = "NSE.Core", "src\BuildingBlocks\NSE.Core\NSE.Core.csproj", "{AA7C8B70-B303-4A62-92E6-F19E8A62C88B}"
EndProject
Project("{2150E333-8FDC-42A3-9474-1A3956D46DE8}") = "Carrinho", "Carrinho", "{6467B6D3-80AF-467A-A1B4-2DF74F183943}"
EndProject
Project("{FAE04EC0-301F-11D3-BF4B-00C04F79EFBC}") = "NSE.Carrinho.API", "src\Services\NSE.Carrinho.API\NSE.Carrinho.API.csproj", "{7FAE7DCC-9329-4095-94B0-0BBBAE97B6CF}"
EndProject
Project("{2150E333-8FDC-42A3-9474-1A3956D46DE8}") = "Catalogo", "Catalogo", "{586A295F-2301-41A1-8C01-3E5FB2941E64}"
EndProject
Project("{2150E333-8FDC-42A3-9474-1A3956D46DE8}") = "Cliente", "Cliente", "{2886A856-776C-4CF8-9E83-8E4B31E0CCAD}"
EndProject
Project("{FAE04EC0-301F-11D3-BF4B-00C04F79EFBC}") = "NSE.Cliente.API", "src\Services\NSE.Cliente.API\NSE.Cliente.API.csproj", "{4AC1D594-AF5E-4E6B-9C9B-0DA8C9B6AEA8}"
EndProject
Project("{FAE04EC0-301F-11D3-BF4B-00C04F79EFBC}") = "NSE.Catalogo.API", "src\Services\NSE.Catalogo.API\NSE.Catalogo.API.csproj", "{DD82EC80-AAB1-4BF7-910B-DB693FB2C1C3}"
EndProject
Project("{2150E333-8FDC-42A3-9474-1A3956D46DE8}") = "Pagamento", "Pagamento", "{DB0740A8-EFEE-40D3-8486-5E86670F0D47}"
EndProject
Project("{FAE04EC0-301F-11D3-BF4B-00C04F79EFBC}") = "NSE.Pagamento.API", "src\Services\NSE.Pagamento.API\NSE.Pagamento.API.csproj", "{E6ACB582-3149-4305-98F9-C51EAF489D96}"
EndProject
Project("{2150E333-8FDC-42A3-9474-1A3956D46DE8}") = "Pedido", "Pedido", "{3FCC1721-7594-4330-B364-CCBEE6B014E2}"
EndProject
Project("{FAE04EC0-301F-11D3-BF4B-00C04F79EFBC}") = "NSE.Pedido.API", "src\Services\NSE.Pedido.API\NSE.Pedido.API.csproj", "{C5E93E85-4E4A-4F3F-85F6-57F42D149A36}"
EndProject
Global
	GlobalSection(SolutionConfigurationPlatforms) = preSolution
		Debug|Any CPU = Debug|Any CPU
		Release|Any CPU = Release|Any CPU
	EndGlobalSection
	GlobalSection(ProjectConfigurationPlatforms) = postSolution
		{7431E4C2-1190-4E5E-BEC4-AA2CB6DD4F10}.Debug|Any CPU.ActiveCfg = Debug|Any CPU
		{7431E4C2-1190-4E5E-BEC4-AA2CB6DD4F10}.Debug|Any CPU.Build.0 = Debug|Any CPU
		{7431E4C2-1190-4E5E-BEC4-AA2CB6DD4F10}.Release|Any CPU.ActiveCfg = Release|Any CPU
		{7431E4C2-1190-4E5E-BEC4-AA2CB6DD4F10}.Release|Any CPU.Build.0 = Release|Any CPU
		{20974B01-B4DD-48A8-8FED-6DBD35DF687F}.Debug|Any CPU.ActiveCfg = Debug|Any CPU
		{20974B01-B4DD-48A8-8FED-6DBD35DF687F}.Debug|Any CPU.Build.0 = Debug|Any CPU
		{20974B01-B4DD-48A8-8FED-6DBD35DF687F}.Release|Any CPU.ActiveCfg = Release|Any CPU
		{20974B01-B4DD-48A8-8FED-6DBD35DF687F}.Release|Any CPU.Build.0 = Release|Any CPU
		{AA7C8B70-B303-4A62-92E6-F19E8A62C88B}.Debug|Any CPU.ActiveCfg = Debug|Any CPU
		{AA7C8B70-B303-4A62-92E6-F19E8A62C88B}.Debug|Any CPU.Build.0 = Debug|Any CPU
		{AA7C8B70-B303-4A62-92E6-F19E8A62C88B}.Release|Any CPU.ActiveCfg = Release|Any CPU
		{AA7C8B70-B303-4A62-92E6-F19E8A62C88B}.Release|Any CPU.Build.0 = Release|Any CPU
		{7FAE7DCC-9329-4095-94B0-0BBBAE97B6CF}.Debug|Any CPU.ActiveCfg = Debug|Any CPU
		{7FAE7DCC-9329-4095-94B0-0BBBAE97B6CF}.Debug|Any CPU.Build.0 = Debug|Any CPU
		{7FAE7DCC-9329-4095-94B0-0BBBAE97B6CF}.Release|Any CPU.ActiveCfg = Release|Any CPU
		{7FAE7DCC-9329-4095-94B0-0BBBAE97B6CF}.Release|Any CPU.Build.0 = Release|Any CPU
		{4AC1D594-AF5E-4E6B-9C9B-0DA8C9B6AEA8}.Debug|Any CPU.ActiveCfg = Debug|Any CPU
		{4AC1D594-AF5E-4E6B-9C9B-0DA8C9B6AEA8}.Debug|Any CPU.Build.0 = Debug|Any CPU
		{4AC1D594-AF5E-4E6B-9C9B-0DA8C9B6AEA8}.Release|Any CPU.ActiveCfg = Release|Any CPU
		{4AC1D594-AF5E-4E6B-9C9B-0DA8C9B6AEA8}.Release|Any CPU.Build.0 = Release|Any CPU
		{DD82EC80-AAB1-4BF7-910B-DB693FB2C1C3}.Debug|Any CPU.ActiveCfg = Debug|Any CPU
		{DD82EC80-AAB1-4BF7-910B-DB693FB2C1C3}.Debug|Any CPU.Build.0 = Debug|Any CPU
		{DD82EC80-AAB1-4BF7-910B-DB693FB2C1C3}.Release|Any CPU.ActiveCfg = Release|Any CPU
		{DD82EC80-AAB1-4BF7-910B-DB693FB2C1C3}.Release|Any CPU.Build.0 = Release|Any CPU
		{E6ACB582-3149-4305-98F9-C51EAF489D96}.Debug|Any CPU.ActiveCfg = Debug|Any CPU
		{E6ACB582-3149-4305-98F9-C51EAF489D96}.Debug|Any CPU.Build.0 = Debug|Any CPU
		{E6ACB582-3149-4305-98F9-C51EAF489D96}.Release|Any CPU.ActiveCfg = Release|Any CPU
		{E6ACB582-3149-4305-98F9-C51EAF489D96}.Release|Any CPU.Build.0 = Release|Any CPU
		{C5E93E85-4E4A-4F3F-85F6-57F42D149A36}.Debug|Any CPU.ActiveCfg = Debug|Any CPU
		{C5E93E85-4E4A-4F3F-85F6-57F42D149A36}.Debug|Any CPU.Build.0 = Debug|Any CPU
		{C5E93E85-4E4A-4F3F-85F6-57F42D149A36}.Release|Any CPU.ActiveCfg = Release|Any CPU
		{C5E93E85-4E4A-4F3F-85F6-57F42D149A36}.Release|Any CPU.Build.0 = Release|Any CPU
	EndGlobalSection
	GlobalSection(SolutionProperties) = preSolution
		HideSolutionNode = FALSE
	EndGlobalSection
	GlobalSection(NestedProjects) = preSolution
		{0C0B8530-708B-4253-BF5F-5BF005C16D55} = {5693DE3D-3E24-4E97-8D86-9DC45BD93D88}
		{5FA6CD43-652A-43EE-A515-11012723C4FB} = {5693DE3D-3E24-4E97-8D86-9DC45BD93D88}
		{7F383F63-8FE3-4769-B26B-D5E4B1A530B6} = {5693DE3D-3E24-4E97-8D86-9DC45BD93D88}
		{2C5BA49F-1A96-49CC-9CAA-2818854AA466} = {7F383F63-8FE3-4769-B26B-D5E4B1A530B6}
		{7431E4C2-1190-4E5E-BEC4-AA2CB6DD4F10} = {2C5BA49F-1A96-49CC-9CAA-2818854AA466}
		{7C468B1F-7160-4BE2-8F67-6333E507215D} = {5FA6CD43-652A-43EE-A515-11012723C4FB}
		{20974B01-B4DD-48A8-8FED-6DBD35DF687F} = {7C468B1F-7160-4BE2-8F67-6333E507215D}
		{02D8BAB1-81F7-475E-817B-AF8B54AF2692} = {0C0B8530-708B-4253-BF5F-5BF005C16D55}
		{AA7C8B70-B303-4A62-92E6-F19E8A62C88B} = {02D8BAB1-81F7-475E-817B-AF8B54AF2692}
		{6467B6D3-80AF-467A-A1B4-2DF74F183943} = {7F383F63-8FE3-4769-B26B-D5E4B1A530B6}
		{7FAE7DCC-9329-4095-94B0-0BBBAE97B6CF} = {6467B6D3-80AF-467A-A1B4-2DF74F183943}
		{586A295F-2301-41A1-8C01-3E5FB2941E64} = {7F383F63-8FE3-4769-B26B-D5E4B1A530B6}
		{2886A856-776C-4CF8-9E83-8E4B31E0CCAD} = {7F383F63-8FE3-4769-B26B-D5E4B1A530B6}
		{4AC1D594-AF5E-4E6B-9C9B-0DA8C9B6AEA8} = {2886A856-776C-4CF8-9E83-8E4B31E0CCAD}
		{DD82EC80-AAB1-4BF7-910B-DB693FB2C1C3} = {586A295F-2301-41A1-8C01-3E5FB2941E64}
		{DB0740A8-EFEE-40D3-8486-5E86670F0D47} = {7F383F63-8FE3-4769-B26B-D5E4B1A530B6}
		{E6ACB582-3149-4305-98F9-C51EAF489D96} = {DB0740A8-EFEE-40D3-8486-5E86670F0D47}
		{3FCC1721-7594-4330-B364-CCBEE6B014E2} = {7F383F63-8FE3-4769-B26B-D5E4B1A530B6}
		{C5E93E85-4E4A-4F3F-85F6-57F42D149A36} = {3FCC1721-7594-4330-B364-CCBEE6B014E2}
	EndGlobalSection
	GlobalSection(ExtensibilityGlobals) = postSolution
		SolutionGuid = {5EFC011C-4622-4F12-966F-6F98A328246C}
	EndGlobalSection
EndGlobal
